
Microsoft Visual Studio Solution File, Format Version 12.00
# Visual Studio Version 17
VisualStudioVersion = 17.7.34221.43
MinimumVisualStudioVersion = 10.0.40219.1
Project("{FAE04EC0-301F-11D3-BF4B-00C04F79EFBC}") = "CadastroDeCliente", "CadastroDeCliente\CadastroDeCliente.csproj", "{1684A7D3-B441-489D-A3DE-66AE0036B3A4}"
EndProject
Global
	GlobalSection(SolutionConfigurationPlatforms) = preSolution
		Debug|Any CPU = Debug|Any CPU
		Release|Any CPU = Release|Any CPU
	EndGlobalSection
	GlobalSection(ProjectConfigurationPlatforms) = postSolution
		{1684A7D3-B441-489D-A3DE-66AE0036B3A4}.Debug|Any CPU.ActiveCfg = Debug|Any CPU
		{1684A7D3-B441-489D-A3DE-66AE0036B3A4}.Debug|Any CPU.Build.0 = Debug|Any CPU
		{1684A7D3-B441-489D-A3DE-66AE0036B3A4}.Release|Any CPU.ActiveCfg = Release|Any CPU
		{1684A7D3-B441-489D-A3DE-66AE0036B3A4}.Release|Any CPU.Build.0 = Release|Any CPU
	EndGlobalSection
	GlobalSection(SolutionProperties) = preSolution
		HideSolutionNode = FALSE
	EndGlobalSection
	GlobalSection(ExtensibilityGlobals) = postSolution
		SolutionGuid = {8FCE8D1F-C0D4-4822-9EEA-E1F697D380E7}
	EndGlobalSection
EndGlobal
